
Microsoft Visual Studio Solution File, Format Version 12.00
# Visual Studio Version 17
VisualStudioVersion = 17.2.32630.192
MinimumVisualStudioVersion = 10.0.40219.1
Project("{9A19103F-16F7-4668-BE54-9A1E7A4F7556}") = "R5T.T0233", "R5T.T0233\R5T.T0233.csproj", "{FAB65FC6-B487-4040-A731-80816C953231}"
EndProject
Project("{2150E333-8FDC-42A3-9474-1A3956D46DE8}") = "_Dependencies", "_Dependencies", "{158479E5-4017-43B4-A2D3-61F8708A0BAC}"
EndProject
Project("{9A19103F-16F7-4668-BE54-9A1E7A4F7556}") = "R5T.T0132", "..\..\R5T.T0132\source\R5T.T0132\R5T.T0132.csproj", "{9E21D2FC-6BE2-4B03-B540-897EA261A412}"
EndProject
Project("{9A19103F-16F7-4668-BE54-9A1E7A4F7556}") = "R5T.T0142", "..\..\R5T.T0142\source\R5T.T0142\R5T.T0142.csproj", "{88670BAC-C357-4F10-9F92-BFBD33AFF820}"
EndProject
Project("{9A19103F-16F7-4668-BE54-9A1E7A4F7556}") = "R5T.T0143", "..\..\R5T.T0143\source\R5T.T0143\R5T.T0143.csproj", "{C2787D14-1477-4D1F-9536-8BC151345B4A}"
EndProject
Project("{9A19103F-16F7-4668-BE54-9A1E7A4F7556}") = "R5T.T0178", "..\..\R5T.T0178\source\R5T.T0178\R5T.T0178.csproj", "{4C3380C1-ACA8-44C9-B131-79FF84CCB3CE}"
EndProject
Project("{9A19103F-16F7-4668-BE54-9A1E7A4F7556}") = "R5T.T0179", "..\..\R5T.T0179\source\R5T.T0179\R5T.T0179.csproj", "{AC92DFC0-2243-4FC1-904A-41543E134E3B}"
EndProject
Global
	GlobalSection(NestedProjects) = preSolution
		{9E21D2FC-6BE2-4B03-B540-897EA261A412} = {158479E5-4017-43B4-A2D3-61F8708A0BAC}
		{88670BAC-C357-4F10-9F92-BFBD33AFF820} = {158479E5-4017-43B4-A2D3-61F8708A0BAC}
		{C2787D14-1477-4D1F-9536-8BC151345B4A} = {158479E5-4017-43B4-A2D3-61F8708A0BAC}
		{4C3380C1-ACA8-44C9-B131-79FF84CCB3CE} = {158479E5-4017-43B4-A2D3-61F8708A0BAC}
		{AC92DFC0-2243-4FC1-904A-41543E134E3B} = {158479E5-4017-43B4-A2D3-61F8708A0BAC}
	EndGlobalSection
	GlobalSection(SolutionConfigurationPlatforms) = preSolution
		Debug|Any CPU = Debug|Any CPU
		Release|Any CPU = Release|Any CPU
	EndGlobalSection
	GlobalSection(ProjectConfigurationPlatforms) = postSolution
		{FAB65FC6-B487-4040-A731-80816C953231}.Debug|Any CPU.ActiveCfg = Debug|Any CPU
		{FAB65FC6-B487-4040-A731-80816C953231}.Debug|Any CPU.Build.0 = Debug|Any CPU
		{FAB65FC6-B487-4040-A731-80816C953231}.Release|Any CPU.ActiveCfg = Release|Any CPU
		{FAB65FC6-B487-4040-A731-80816C953231}.Release|Any CPU.Build.0 = Release|Any CPU
		{9E21D2FC-6BE2-4B03-B540-897EA261A412}.Debug|Any CPU.ActiveCfg = Debug|Any CPU
		{9E21D2FC-6BE2-4B03-B540-897EA261A412}.Debug|Any CPU.Build.0 = Debug|Any CPU
		{9E21D2FC-6BE2-4B03-B540-897EA261A412}.Release|Any CPU.ActiveCfg = Release|Any CPU
		{9E21D2FC-6BE2-4B03-B540-897EA261A412}.Release|Any CPU.Build.0 = Release|Any CPU
		{88670BAC-C357-4F10-9F92-BFBD33AFF820}.Debug|Any CPU.ActiveCfg = Debug|Any CPU
		{88670BAC-C357-4F10-9F92-BFBD33AFF820}.Debug|Any CPU.Build.0 = Debug|Any CPU
		{88670BAC-C357-4F10-9F92-BFBD33AFF820}.Release|Any CPU.ActiveCfg = Release|Any CPU
		{88670BAC-C357-4F10-9F92-BFBD33AFF820}.Release|Any CPU.Build.0 = Release|Any CPU
		{C2787D14-1477-4D1F-9536-8BC151345B4A}.Debug|Any CPU.ActiveCfg = Debug|Any CPU
		{C2787D14-1477-4D1F-9536-8BC151345B4A}.Debug|Any CPU.Build.0 = Debug|Any CPU
		{C2787D14-1477-4D1F-9536-8BC151345B4A}.Release|Any CPU.ActiveCfg = Release|Any CPU
		{C2787D14-1477-4D1F-9536-8BC151345B4A}.Release|Any CPU.Build.0 = Release|Any CPU
		{4C3380C1-ACA8-44C9-B131-79FF84CCB3CE}.Debug|Any CPU.ActiveCfg = Debug|Any CPU
		{4C3380C1-ACA8-44C9-B131-79FF84CCB3CE}.Debug|Any CPU.Build.0 = Debug|Any CPU
		{4C3380C1-ACA8-44C9-B131-79FF84CCB3CE}.Release|Any CPU.ActiveCfg = Release|Any CPU
		{4C3380C1-ACA8-44C9-B131-79FF84CCB3CE}.Release|Any CPU.Build.0 = Release|Any CPU
		{AC92DFC0-2243-4FC1-904A-41543E134E3B}.Debug|Any CPU.ActiveCfg = Debug|Any CPU
		{AC92DFC0-2243-4FC1-904A-41543E134E3B}.Debug|Any CPU.Build.0 = Debug|Any CPU
		{AC92DFC0-2243-4FC1-904A-41543E134E3B}.Release|Any CPU.ActiveCfg = Release|Any CPU
		{AC92DFC0-2243-4FC1-904A-41543E134E3B}.Release|Any CPU.Build.0 = Release|Any CPU
	EndGlobalSection
	GlobalSection(SolutionProperties) = preSolution
		HideSolutionNode = FALSE
	EndGlobalSection
	GlobalSection(ExtensibilityGlobals) = postSolution
		SolutionGuid = {3C51C26E-396B-4F1A-9872-3C352B14B4E9}
	EndGlobalSection
EndGlobal
